
Microsoft Visual Studio Solution File, Format Version 12.00
# Visual Studio Version 16
VisualStudioVersion = 16.0.31624.102
MinimumVisualStudioVersion = 10.0.40219.1
Project("{FAE04EC0-301F-11D3-BF4B-00C04F79EFBC}") = "OdeToFood", "OdeToFood\OdeToFood.csproj", "{F1FF3667-07EB-4214-BF9C-0727BA989B95}"
EndProject
Global
	GlobalSection(SolutionConfigurationPlatforms) = preSolution
		Debug|Any CPU = Debug|Any CPU
		Release|Any CPU = Release|Any CPU
	EndGlobalSection
	GlobalSection(ProjectConfigurationPlatforms) = postSolution
		{F1FF3667-07EB-4214-BF9C-0727BA989B95}.Debug|Any CPU.ActiveCfg = Debug|Any CPU
		{F1FF3667-07EB-4214-BF9C-0727BA989B95}.Debug|Any CPU.Build.0 = Debug|Any CPU
		{F1FF3667-07EB-4214-BF9C-0727BA989B95}.Release|Any CPU.ActiveCfg = Release|Any CPU
		{F1FF3667-07EB-4214-BF9C-0727BA989B95}.Release|Any CPU.Build.0 = Release|Any CPU
	EndGlobalSection
	GlobalSection(SolutionProperties) = preSolution
		HideSolutionNode = FALSE
	EndGlobalSection
	GlobalSection(ExtensibilityGlobals) = postSolution
		SolutionGuid = {553FBE17-39FE-44BA-B91F-3E651347D4DC}
	EndGlobalSection
EndGlobal
